// !$*UTF8*$!
{
	archiveVersion = 1;
	classes = {
	};
	objectVersion = 55;
	objects = {

/* Begin PBXBuildFile section */
		BA607E6A2980BA1D00BCA51D /* AppDelegate.swift in Sources */ = {isa = PBXBuildFile; fileRef = BA607E692980BA1D00BCA51D /* AppDelegate.swift */; };
		BA607E6C2980BA1D00BCA51D /* SceneDelegate.swift in Sources */ = {isa = PBXBuildFile; fileRef = BA607E6B2980BA1D00BCA51D /* SceneDelegate.swift */; };
		BA607E712980BA1D00BCA51D /* Main.storyboard in Resources */ = {isa = PBXBuildFile; fileRef = BA607E6F2980BA1D00BCA51D /* Main.storyboard */; };
		BA607E732980BA1E00BCA51D /* Assets.xcassets in Resources */ = {isa = PBXBuildFile; fileRef = BA607E722980BA1E00BCA51D /* Assets.xcassets */; };
		BA607E762980BA1E00BCA51D /* LaunchScreen.storyboard in Resources */ = {isa = PBXBuildFile; fileRef = BA607E742980BA1E00BCA51D /* LaunchScreen.storyboard */; };
		BA607E87298123A900BCA51D /* TextbookTableViewCell.swift in Sources */ = {isa = PBXBuildFile; fileRef = BA607E85298123A900BCA51D /* TextbookTableViewCell.swift */; };
		BA607E88298123A900BCA51D /* TextbookTableViewCell.xib in Resources */ = {isa = PBXBuildFile; fileRef = BA607E86298123A900BCA51D /* TextbookTableViewCell.xib */; };
		BA607E8C2981616D00BCA51D /* TextbookViewController.swift in Sources */ = {isa = PBXBuildFile; fileRef = BA607E8B2981616D00BCA51D /* TextbookViewController.swift */; };
		BA607E8E2981666700BCA51D /* TextbookTableViewController.swift in Sources */ = {isa = PBXBuildFile; fileRef = BA607E8D2981666700BCA51D /* TextbookTableViewController.swift */; };
		BA607E91298167C900BCA51D /* Textbook.swift in Sources */ = {isa = PBXBuildFile; fileRef = BA607E90298167C900BCA51D /* Textbook.swift */; };
		BA64F90A2982386000F5AC64 /* TestViewController.swift in Sources */ = {isa = PBXBuildFile; fileRef = BA64F9092982386000F5AC64 /* TestViewController.swift */; };
		BAF1EA6E29821A7D000692F0 /* TexbookChapterViewController.swift in Sources */ = {isa = PBXBuildFile; fileRef = BAF1EA6D29821A7D000692F0 /* TexbookChapterViewController.swift */; };
		BAF1EA7129821B2E000692F0 /* TextbookChapterTableViewCell.swift in Sources */ = {isa = PBXBuildFile; fileRef = BAF1EA6F29821B2E000692F0 /* TextbookChapterTableViewCell.swift */; };
		BAF1EA7229821B2E000692F0 /* TextbookChapterTableViewCell.xib in Resources */ = {isa = PBXBuildFile; fileRef = BAF1EA7029821B2E000692F0 /* TextbookChapterTableViewCell.xib */; };
/* End PBXBuildFile section */

/* Begin PBXFileReference section */
		BA607E662980BA1D00BCA51D /* Textbook.app */ = {isa = PBXFileReference; explicitFileType = wrapper.application; includeInIndex = 0; path = Textbook.app; sourceTree = BUILT_PRODUCTS_DIR; };
		BA607E692980BA1D00BCA51D /* AppDelegate.swift */ = {isa = PBXFileReference; lastKnownFileType = sourcecode.swift; path = AppDelegate.swift; sourceTree = "<group>"; };
		BA607E6B2980BA1D00BCA51D /* SceneDelegate.swift */ = {isa = PBXFileReference; lastKnownFileType = sourcecode.swift; path = SceneDelegate.swift; sourceTree = "<group>"; };
		BA607E702980BA1D00BCA51D /* Base */ = {isa = PBXFileReference; lastKnownFileType = file.storyboard; name = Base; path = Base.lproj/Main.storyboard; sourceTree = "<group>"; };
		BA607E722980BA1E00BCA51D /* Assets.xcassets */ = {isa = PBXFileReference; lastKnownFileType = folder.assetcatalog; path = Assets.xcassets; sourceTree = "<group>"; };
		BA607E752980BA1E00BCA51D /* Base */ = {isa = PBXFileReference; lastKnownFileType = file.storyboard; name = Base; path = Base.lproj/LaunchScreen.storyboard; sourceTree = "<group>"; };
		BA607E772980BA1E00BCA51D /* Info.plist */ = {isa = PBXFileReference; lastKnownFileType = text.plist.xml; path = Info.plist; sourceTree = "<group>"; };
		BA607E85298123A900BCA51D /* TextbookTableViewCell.swift */ = {isa = PBXFileReference; lastKnownFileType = sourcecode.swift; path = TextbookTableViewCell.swift; sourceTree = "<group>"; };
		BA607E86298123A900BCA51D /* TextbookTableViewCell.xib */ = {isa = PBXFileReference; lastKnownFileType = file.xib; path = TextbookTableViewCell.xib; sourceTree = "<group>"; };
		BA607E8B2981616D00BCA51D /* TextbookViewController.swift */ = {isa = PBXFileReference; lastKnownFileType = sourcecode.swift; path = TextbookViewController.swift; sourceTree = "<group>"; };
		BA607E8D2981666700BCA51D /* TextbookTableViewController.swift */ = {isa = PBXFileReference; lastKnownFileType = sourcecode.swift; path = TextbookTableViewController.swift; sourceTree = "<group>"; };
		BA607E90298167C900BCA51D /* Textbook.swift */ = {isa = PBXFileReference; lastKnownFileType = sourcecode.swift; path = Textbook.swift; sourceTree = "<group>"; };
		BA64F9092982386000F5AC64 /* TestViewController.swift */ = {isa = PBXFileReference; lastKnownFileType = sourcecode.swift; path = TestViewController.swift; sourceTree = "<group>"; };
		BAF1EA6D29821A7D000692F0 /* TexbookChapterViewController.swift */ = {isa = PBXFileReference; lastKnownFileType = sourcecode.swift; path = TexbookChapterViewController.swift; sourceTree = "<group>"; };
		BAF1EA6F29821B2E000692F0 /* TextbookChapterTableViewCell.swift */ = {isa = PBXFileReference; lastKnownFileType = sourcecode.swift; path = TextbookChapterTableViewCell.swift; sourceTree = "<group>"; };
		BAF1EA7029821B2E000692F0 /* TextbookChapterTableViewCell.xib */ = {isa = PBXFileReference; lastKnownFileType = file.xib; path = TextbookChapterTableViewCell.xib; sourceTree = "<group>"; };
/* End PBXFileReference section */

/* Begin PBXFrameworksBuildPhase section */
		BA607E632980BA1D00BCA51D /* Frameworks */ = {
			isa = PBXFrameworksBuildPhase;
			buildActionMask = 2147483647;
			files = (
			);
			runOnlyForDeploymentPostprocessing = 0;
		};
/* End PBXFrameworksBuildPhase section */

/* Begin PBXGroup section */
		BA607E5D2980BA1D00BCA51D = {
			isa = PBXGroup;
			children = (
				BA607E682980BA1D00BCA51D /* Textbook */,
				BA607E672980BA1D00BCA51D /* Products */,
			);
			sourceTree = "<group>";
		};
		BA607E672980BA1D00BCA51D /* Products */ = {
			isa = PBXGroup;
			children = (
				BA607E662980BA1D00BCA51D /* Textbook.app */,
			);
			name = Products;
			sourceTree = "<group>";
		};
		BA607E682980BA1D00BCA51D /* Textbook */ = {
			isa = PBXGroup;
			children = (
				BA607E8F2981674D00BCA51D /* Model */,
				BA607E692980BA1D00BCA51D /* AppDelegate.swift */,
				BA607E6B2980BA1D00BCA51D /* SceneDelegate.swift */,
				BA607E6F2980BA1D00BCA51D /* Main.storyboard */,
				BA64F9092982386000F5AC64 /* TestViewController.swift */,
				BAF1EA6F29821B2E000692F0 /* TextbookChapterTableViewCell.swift */,
				BAF1EA7029821B2E000692F0 /* TextbookChapterTableViewCell.xib */,
				BA607E8D2981666700BCA51D /* TextbookTableViewController.swift */,
				BAF1EA6D29821A7D000692F0 /* TexbookChapterViewController.swift */,
				BA607E8B2981616D00BCA51D /* TextbookViewController.swift */,
				BA607E85298123A900BCA51D /* TextbookTableViewCell.swift */,
				BA607E86298123A900BCA51D /* TextbookTableViewCell.xib */,
				BA607E722980BA1E00BCA51D /* Assets.xcassets */,
				BA607E742980BA1E00BCA51D /* LaunchScreen.storyboard */,
				BA607E772980BA1E00BCA51D /* Info.plist */,
			);
			path = Textbook;
			sourceTree = "<group>";
		};
		BA607E8F2981674D00BCA51D /* Model */ = {
			isa = PBXGroup;
			children = (
				BA607E90298167C900BCA51D /* Textbook.swift */,
			);
			path = Model;
			sourceTree = "<group>";
		};
/* End PBXGroup section */

/* Begin PBXNativeTarget section */
		BA607E652980BA1D00BCA51D /* Textbook */ = {
			isa = PBXNativeTarget;
			buildConfigurationList = BA607E7A2980BA1E00BCA51D /* Build configuration list for PBXNativeTarget "Textbook" */;
			buildPhases = (
				BA607E622980BA1D00BCA51D /* Sources */,
				BA607E632980BA1D00BCA51D /* Frameworks */,
				BA607E642980BA1D00BCA51D /* Resources */,
			);
			buildRules = (
			);
			dependencies = (
			);
			name = Textbook;
			productName = Textbook;
			productReference = BA607E662980BA1D00BCA51D /* Textbook.app */;
			productType = "com.apple.product-type.application";
		};
/* End PBXNativeTarget section */

/* Begin PBXProject section */
		BA607E5E2980BA1D00BCA51D /* Project object */ = {
			isa = PBXProject;
			attributes = {
				BuildIndependentTargetsInParallel = 1;
				LastSwiftUpdateCheck = 1340;
				LastUpgradeCheck = 1340;
				TargetAttributes = {
					BA607E652980BA1D00BCA51D = {
						CreatedOnToolsVersion = 13.4.1;
					};
				};
			};
			buildConfigurationList = BA607E612980BA1D00BCA51D /* Build configuration list for PBXProject "Textbook" */;
			compatibilityVersion = "Xcode 13.0";
			developmentRegion = en;
			hasScannedForEncodings = 0;
			knownRegions = (
				en,
				Base,
			);
			mainGroup = BA607E5D2980BA1D00BCA51D;
			productRefGroup = BA607E672980BA1D00BCA51D /* Products */;
			projectDirPath = "";
			projectRoot = "";
			targets = (
				BA607E652980BA1D00BCA51D /* Textbook */,
			);
		};
/* End PBXProject section */

/* Begin PBXResourcesBuildPhase section */
		BA607E642980BA1D00BCA51D /* Resources */ = {
			isa = PBXResourcesBuildPhase;
			buildActionMask = 2147483647;
			files = (
				BA607E762980BA1E00BCA51D /* LaunchScreen.storyboard in Resources */,
				BA607E88298123A900BCA51D /* TextbookTableViewCell.xib in Resources */,
				BAF1EA7229821B2E000692F0 /* TextbookChapterTableViewCell.xib in Resources */,
				BA607E732980BA1E00BCA51D /* Assets.xcassets in Resources */,
				BA607E712980BA1D00BCA51D /* Main.storyboard in Resources */,
			);
			runOnlyForDeploymentPostprocessing = 0;
		};
/* End PBXResourcesBuildPhase section */

/* Begin PBXSourcesBuildPhase section */
		BA607E622980BA1D00BCA51D /* Sources */ = {
			isa = PBXSourcesBuildPhase;
			buildActionMask = 2147483647;
			files = (
				BA607E8C2981616D00BCA51D /* TextbookViewController.swift in Sources */,
				BA607E87298123A900BCA51D /* TextbookTableViewCell.swift in Sources */,
				BA607E8E2981666700BCA51D /* TextbookTableViewController.swift in Sources */,
				BAF1EA7129821B2E000692F0 /* TextbookChapterTableViewCell.swift in Sources */,
				BA607E6A2980BA1D00BCA51D /* AppDelegate.swift in Sources */,
				BA607E6C2980BA1D00BCA51D /* SceneDelegate.swift in Sources */,
				BAF1EA6E29821A7D000692F0 /* TexbookChapterViewController.swift in Sources */,
				BA64F90A2982386000F5AC64 /* TestViewController.swift in Sources */,
				BA607E91298167C900BCA51D /* Textbook.swift in Sources */,
			);
			runOnlyForDeploymentPostprocessing = 0;
		};
/* End PBXSourcesBuildPhase section */

/* Begin PBXVariantGroup section */
		BA607E6F2980BA1D00BCA51D /* Main.storyboard */ = {
			isa = PBXVariantGroup;
			children = (
				BA607E702980BA1D00BCA51D /* Base */,
			);
			name = Main.storyboard;
			sourceTree = "<group>";
		};
		BA607E742980BA1E00BCA51D /* LaunchScreen.storyboard */ = {
			isa = PBXVariantGroup;
			children = (
				BA607E752980BA1E00BCA51D /* Base */,
			);
			name = LaunchScreen.storyboard;
			sourceTree = "<group>";
		};
/* End PBXVariantGroup section */

/* Begin XCBuildConfiguration section */
		BA607E782980BA1E00BCA51D /* Debug */ = {
			isa = XCBuildConfiguration;
			buildSettings = {
				ALWAYS_SEARCH_USER_PATHS = NO;
				CLANG_ANALYZER_NONNULL = YES;
				CLANG_ANALYZER_NUMBER_OBJECT_CONVERSION = YES_AGGRESSIVE;
				CLANG_CXX_LANGUAGE_STANDARD = "gnu++17";
				CLANG_ENABLE_MODULES = YES;
				CLANG_ENABLE_OBJC_ARC = YES;
				CLANG_ENABLE_OBJC_WEAK = YES;
				CLANG_WARN_BLOCK_CAPTURE_AUTORELEASING = YES;
				CLANG_WARN_BOOL_CONVERSION = YES;
				CLANG_WARN_COMMA = YES;
				CLANG_WARN_CONSTANT_CONVERSION = YES;
				CLANG_WARN_DEPRECATED_OBJC_IMPLEMENTATIONS = YES;
				CLANG_WARN_DIRECT_OBJC_ISA_USAGE = YES_ERROR;
				CLANG_WARN_DOCUMENTATION_COMMENTS = YES;
				CLANG_WARN_EMPTY_BODY = YES;
				CLANG_WARN_ENUM_CONVERSION = YES;
				CLANG_WARN_INFINITE_RECURSION = YES;
				CLANG_WARN_INT_CONVERSION = YES;
				CLANG_WARN_NON_LITERAL_NULL_CONVERSION = YES;
				CLANG_WARN_OBJC_IMPLICIT_RETAIN_SELF = YES;
				CLANG_WARN_OBJC_LITERAL_CONVERSION = YES;
				CLANG_WARN_OBJC_ROOT_CLASS = YES_ERROR;
				CLANG_WARN_QUOTED_INCLUDE_IN_FRAMEWORK_HEADER = YES;
				CLANG_WARN_RANGE_LOOP_ANALYSIS = YES;
				CLANG_WARN_STRICT_PROTOTYPES = YES;
				CLANG_WARN_SUSPICIOUS_MOVE = YES;
				CLANG_WARN_UNGUARDED_AVAILABILITY = YES_AGGRESSIVE;
				CLANG_WARN_UNREACHABLE_CODE = YES;
				CLANG_WARN__DUPLICATE_METHOD_MATCH = YES;
				COPY_PHASE_STRIP = NO;
				DEBUG_INFORMATION_FORMAT = dwarf;
				ENABLE_STRICT_OBJC_MSGSEND = YES;
				ENABLE_TESTABILITY = YES;
				GCC_C_LANGUAGE_STANDARD = gnu11;
				GCC_DYNAMIC_NO_PIC = NO;
				GCC_NO_COMMON_BLOCKS = YES;
				GCC_OPTIMIZATION_LEVEL = 0;
				GCC_PREPROCESSOR_DEFINITIONS = (
					"DEBUG=1",
					"$(inherited)",
				);
				GCC_WARN_64_TO_32_BIT_CONVERSION = YES;
				GCC_WARN_ABOUT_RETURN_TYPE = YES_ERROR;
				GCC_WARN_UNDECLARED_SELECTOR = YES;
				GCC_WARN_UNINITIALIZED_AUTOS = YES_AGGRESSIVE;
				GCC_WARN_UNUSED_FUNCTION = YES;
				GCC_WARN_UNUSED_VARIABLE = YES;
				IPHONEOS_DEPLOYMENT_TARGET = 15.5;
				MTL_ENABLE_DEBUG_INFO = INCLUDE_SOURCE;
				MTL_FAST_MATH = YES;
				ONLY_ACTIVE_ARCH = YES;
				SDKROOT = iphoneos;
				SWIFT_ACTIVE_COMPILATION_CONDITIONS = DEBUG;
				SWIFT_OPTIMIZATION_LEVEL = "-Onone";
			};
			name = Debug;
		};
		BA607E792980BA1E00BCA51D /* Release */ = {
			isa = XCBuildConfiguration;
			buildSettings = {
				ALWAYS_SEARCH_USER_PATHS = NO;
				CLANG_ANALYZER_NONNULL = YES;
				CLANG_ANALYZER_NUMBER_OBJECT_CONVERSION = YES_AGGRESSIVE;
				CLANG_CXX_LANGUAGE_STANDARD = "gnu++17";
				CLANG_ENABLE_MODULES = YES;
				CLANG_ENABLE_OBJC_ARC = YES;
				CLANG_ENABLE_OBJC_WEAK = YES;
				CLANG_WARN_BLOCK_CAPTURE_AUTORELEASING = YES;
				CLANG_WARN_BOOL_CONVERSION = YES;
				CLANG_WARN_COMMA = YES;
				CLANG_WARN_CONSTANT_CONVERSION = YES;
				CLANG_WARN_DEPRECATED_OBJC_IMPLEMENTATIONS = YES;
				CLANG_WARN_DIRECT_OBJC_ISA_USAGE = YES_ERROR;
				CLANG_WARN_DOCUMENTATION_COMMENTS = YES;
				CLANG_WARN_EMPTY_BODY = YES;
				CLANG_WARN_ENUM_CONVERSION = YES;
				CLANG_WARN_INFINITE_RECURSION = YES;
				CLANG_WARN_INT_CONVERSION = YES;
				CLANG_WARN_NON_LITERAL_NULL_CONVERSION = YES;
				CLANG_WARN_OBJC_IMPLICIT_RETAIN_SELF = YES;
				CLANG_WARN_OBJC_LITERAL_CONVERSION = YES;
				CLANG_WARN_OBJC_ROOT_CLASS = YES_ERROR;
				CLANG_WARN_QUOTED_INCLUDE_IN_FRAMEWORK_HEADER = YES;
				CLANG_WARN_RANGE_LOOP_ANALYSIS = YES;
				CLANG_WARN_STRICT_PROTOTYPES = YES;
				CLANG_WARN_SUSPICIOUS_MOVE = YES;
				CLANG_WARN_UNGUARDED_AVAILABILITY = YES_AGGRESSIVE;
				CLANG_WARN_UNREACHABLE_CODE = YES;
				CLANG_WARN__DUPLICATE_METHOD_MATCH = YES;
				COPY_PHASE_STRIP = NO;
				DEBUG_INFORMATION_FORMAT = "dwarf-with-dsym";
				ENABLE_NS_ASSERTIONS = NO;
				ENABLE_STRICT_OBJC_MSGSEND = YES;
				GCC_C_LANGUAGE_STANDARD = gnu11;
				GCC_NO_COMMON_BLOCKS = YES;
				GCC_WARN_64_TO_32_BIT_CONVERSION = YES;
				GCC_WARN_ABOUT_RETURN_TYPE = YES_ERROR;
				GCC_WARN_UNDECLARED_SELECTOR = YES;
				GCC_WARN_UNINITIALIZED_AUTOS = YES_AGGRESSIVE;
				GCC_WARN_UNUSED_FUNCTION = YES;
				GCC_WARN_UNUSED_VARIABLE = YES;
				IPHONEOS_DEPLOYMENT_TARGET = 15.5;
				MTL_ENABLE_DEBUG_INFO = NO;
				MTL_FAST_MATH = YES;
				SDKROOT = iphoneos;
				SWIFT_COMPILATION_MODE = wholemodule;
				SWIFT_OPTIMIZATION_LEVEL = "-O";
				VALIDATE_PRODUCT = YES;
			};
			name = Release;
		};
		BA607E7B2980BA1E00BCA51D /* Debug */ = {
			isa = XCBuildConfiguration;
			buildSettings = {
				ASSETCATALOG_COMPILER_APPICON_NAME = AppIcon;
				ASSETCATALOG_COMPILER_GLOBAL_ACCENT_COLOR_NAME = AccentColor;
				CODE_SIGN_STYLE = Automatic;
				CURRENT_PROJECT_VERSION = 1;
				GENERATE_INFOPLIST_FILE = YES;
				INFOPLIST_FILE = Textbook/Info.plist;
				INFOPLIST_KEY_UIApplicationSupportsIndirectInputEvents = YES;
				INFOPLIST_KEY_UILaunchStoryboardName = LaunchScreen;
				INFOPLIST_KEY_UIMainStoryboardFile = Main;
				INFOPLIST_KEY_UISupportedInterfaceOrientations_iPad = "UIInterfaceOrientationPortrait UIInterfaceOrientationPortraitUpsideDown UIInterfaceOrientationLandscapeLeft UIInterfaceOrientationLandscapeRight";
				INFOPLIST_KEY_UISupportedInterfaceOrientations_iPhone = "UIInterfaceOrientationPortrait UIInterfaceOrientationLandscapeLeft UIInterfaceOrientationLandscapeRight";
				IPHONEOS_DEPLOYMENT_TARGET = 13.0;
				LD_RUNPATH_SEARCH_PATHS = (
					"$(inherited)",
					"@executable_path/Frameworks",
				);
				MARKETING_VERSION = 1.0;
				PRODUCT_BUNDLE_IDENTIFIER = fdci.Textbook;
				PRODUCT_NAME = "$(TARGET_NAME)";
				SWIFT_EMIT_LOC_STRINGS = YES;
				SWIFT_VERSION = 5.0;
				TARGETED_DEVICE_FAMILY = "1,2";
			};
			name = Debug;
		};
		BA607E7C2980BA1E00BCA51D /* Release */ = {
			isa = XCBuildConfiguration;
			buildSettings = {
				ASSETCATALOG_COMPILER_APPICON_NAME = AppIcon;
				ASSETCATALOG_COMPILER_GLOBAL_ACCENT_COLOR_NAME = AccentColor;
				CODE_SIGN_STYLE = Automatic;
				CURRENT_PROJECT_VERSION = 1;
				GENERATE_INFOPLIST_FILE = YES;
				INFOPLIST_FILE = Textbook/Info.plist;
				INFOPLIST_KEY_UIApplicationSupportsIndirectInputEvents = YES;
				INFOPLIST_KEY_UILaunchStoryboardName = LaunchScreen;
				INFOPLIST_KEY_UIMainStoryboardFile = Main;
				INFOPLIST_KEY_UISupportedInterfaceOrientations_iPad = "UIInterfaceOrientationPortrait UIInterfaceOrientationPortraitUpsideDown UIInterfaceOrientationLandscapeLeft UIInterfaceOrientationLandscapeRight";
				INFOPLIST_KEY_UISupportedInterfaceOrientations_iPhone = "UIInterfaceOrientationPortrait UIInterfaceOrientationLandscapeLeft UIInterfaceOrientationLandscapeRight";
				IPHONEOS_DEPLOYMENT_TARGET = 13.0;
				LD_RUNPATH_SEARCH_PATHS = (
					"$(inherited)",
					"@executable_path/Frameworks",
				);
				MARKETING_VERSION = 1.0;
				PRODUCT_BUNDLE_IDENTIFIER = fdci.Textbook;
				PRODUCT_NAME = "$(TARGET_NAME)";
				SWIFT_EMIT_LOC_STRINGS = YES;
				SWIFT_VERSION = 5.0;
				TARGETED_DEVICE_FAMILY = "1,2";
			};
			name = Release;
		};
/* End XCBuildConfiguration section */

/* Begin XCConfigurationList section */
		BA607E612980BA1D00BCA51D /* Build configuration list for PBXProject "Textbook" */ = {
			isa = XCConfigurationList;
			buildConfigurations = (
				BA607E782980BA1E00BCA51D /* Debug */,
				BA607E792980BA1E00BCA51D /* Release */,
			);
			defaultConfigurationIsVisible = 0;
			defaultConfigurationName = Release;
		};
		BA607E7A2980BA1E00BCA51D /* Build configuration list for PBXNativeTarget "Textbook" */ = {
			isa = XCConfigurationList;
			buildConfigurations = (
				BA607E7B2980BA1E00BCA51D /* Debug */,
				BA607E7C2980BA1E00BCA51D /* Release */,
			);
			defaultConfigurationIsVisible = 0;
			defaultConfigurationName = Release;
		};
/* End XCConfigurationList section */
	};
	rootObject = BA607E5E2980BA1D00BCA51D /* Project object */;
}
