// !$*UTF8*$!
{
	archiveVersion = 1;
	classes = {
	};
	objectVersion = 55;
	objects = {

/* Begin PBXBuildFile section */
		BA64F9182982706800F5AC64 /* AppDelegate.swift in Sources */ = {isa = PBXBuildFile; fileRef = BA64F9172982706800F5AC64 /* AppDelegate.swift */; };
		BA64F91A2982706800F5AC64 /* SceneDelegate.swift in Sources */ = {isa = PBXBuildFile; fileRef = BA64F9192982706800F5AC64 /* SceneDelegate.swift */; };
		BA64F91C2982706800F5AC64 /* ViewController.swift in Sources */ = {isa = PBXBuildFile; fileRef = BA64F91B2982706800F5AC64 /* ViewController.swift */; };
		BA64F91F2982706800F5AC64 /* Main.storyboard in Resources */ = {isa = PBXBuildFile; fileRef = BA64F91D2982706800F5AC64 /* Main.storyboard */; };
		BA64F9212982706A00F5AC64 /* Assets.xcassets in Resources */ = {isa = PBXBuildFile; fileRef = BA64F9202982706A00F5AC64 /* Assets.xcassets */; };
		BA64F9242982706A00F5AC64 /* LaunchScreen.storyboard in Resources */ = {isa = PBXBuildFile; fileRef = BA64F9222982706A00F5AC64 /* LaunchScreen.storyboard */; };
		BA64F92E2982753A00F5AC64 /* TextbookListTableViewController.swift in Sources */ = {isa = PBXBuildFile; fileRef = BA64F92D2982753A00F5AC64 /* TextbookListTableViewController.swift */; };
		BA64F9312982780900F5AC64 /* Textbook.swift in Sources */ = {isa = PBXBuildFile; fileRef = BA64F9302982780900F5AC64 /* Textbook.swift */; };
		BA64F93429827CA400F5AC64 /* TextbookListViewCell.swift in Sources */ = {isa = PBXBuildFile; fileRef = BA64F93229827CA400F5AC64 /* TextbookListViewCell.swift */; };
		BA64F93529827CA400F5AC64 /* TextbookListViewCell.xib in Resources */ = {isa = PBXBuildFile; fileRef = BA64F93329827CA400F5AC64 /* TextbookListViewCell.xib */; };
		BA64F9372982850E00F5AC64 /* TextbookDetailViewController.swift in Sources */ = {isa = PBXBuildFile; fileRef = BA64F9362982850E00F5AC64 /* TextbookDetailViewController.swift */; };
/* End PBXBuildFile section */

/* Begin PBXFileReference section */
		BA64F9142982706800F5AC64 /* Textbook-iOS.app */ = {isa = PBXFileReference; explicitFileType = wrapper.application; includeInIndex = 0; path = "Textbook-iOS.app"; sourceTree = BUILT_PRODUCTS_DIR; };
		BA64F9172982706800F5AC64 /* AppDelegate.swift */ = {isa = PBXFileReference; lastKnownFileType = sourcecode.swift; path = AppDelegate.swift; sourceTree = "<group>"; };
		BA64F9192982706800F5AC64 /* SceneDelegate.swift */ = {isa = PBXFileReference; lastKnownFileType = sourcecode.swift; path = SceneDelegate.swift; sourceTree = "<group>"; };
		BA64F91B2982706800F5AC64 /* ViewController.swift */ = {isa = PBXFileReference; lastKnownFileType = sourcecode.swift; path = ViewController.swift; sourceTree = "<group>"; };
		BA64F91E2982706800F5AC64 /* Base */ = {isa = PBXFileReference; lastKnownFileType = file.storyboard; name = Base; path = Base.lproj/Main.storyboard; sourceTree = "<group>"; };
		BA64F9202982706A00F5AC64 /* Assets.xcassets */ = {isa = PBXFileReference; lastKnownFileType = folder.assetcatalog; path = Assets.xcassets; sourceTree = "<group>"; };
		BA64F9232982706A00F5AC64 /* Base */ = {isa = PBXFileReference; lastKnownFileType = file.storyboard; name = Base; path = Base.lproj/LaunchScreen.storyboard; sourceTree = "<group>"; };
		BA64F9252982706A00F5AC64 /* Info.plist */ = {isa = PBXFileReference; lastKnownFileType = text.plist.xml; path = Info.plist; sourceTree = "<group>"; };
		BA64F92D2982753A00F5AC64 /* TextbookListTableViewController.swift */ = {isa = PBXFileReference; lastKnownFileType = sourcecode.swift; path = TextbookListTableViewController.swift; sourceTree = "<group>"; };
		BA64F9302982780900F5AC64 /* Textbook.swift */ = {isa = PBXFileReference; lastKnownFileType = sourcecode.swift; path = Textbook.swift; sourceTree = "<group>"; };
		BA64F93229827CA400F5AC64 /* TextbookListViewCell.swift */ = {isa = PBXFileReference; lastKnownFileType = sourcecode.swift; path = TextbookListViewCell.swift; sourceTree = "<group>"; };
		BA64F93329827CA400F5AC64 /* TextbookListViewCell.xib */ = {isa = PBXFileReference; lastKnownFileType = file.xib; path = TextbookListViewCell.xib; sourceTree = "<group>"; };
		BA64F9362982850E00F5AC64 /* TextbookDetailViewController.swift */ = {isa = PBXFileReference; lastKnownFileType = sourcecode.swift; path = TextbookDetailViewController.swift; sourceTree = "<group>"; };
/* End PBXFileReference section */

/* Begin PBXFrameworksBuildPhase section */
		BA64F9112982706800F5AC64 /* Frameworks */ = {
			isa = PBXFrameworksBuildPhase;
			buildActionMask = 2147483647;
			files = (
			);
			runOnlyForDeploymentPostprocessing = 0;
		};
/* End PBXFrameworksBuildPhase section */

/* Begin PBXGroup section */
		BA64F90B2982706800F5AC64 = {
			isa = PBXGroup;
			children = (
				BA64F9162982706800F5AC64 /* Textbook-iOS */,
				BA64F9152982706800F5AC64 /* Products */,
			);
			sourceTree = "<group>";
		};
		BA64F9152982706800F5AC64 /* Products */ = {
			isa = PBXGroup;
			children = (
				BA64F9142982706800F5AC64 /* Textbook-iOS.app */,
			);
			name = Products;
			sourceTree = "<group>";
		};
		BA64F9162982706800F5AC64 /* Textbook-iOS */ = {
			isa = PBXGroup;
			children = (
				BA64F92F298277FD00F5AC64 /* Model */,
				BA64F9172982706800F5AC64 /* AppDelegate.swift */,
				BA64F9192982706800F5AC64 /* SceneDelegate.swift */,
				BA64F91B2982706800F5AC64 /* ViewController.swift */,
				BA64F91D2982706800F5AC64 /* Main.storyboard */,
				BA64F9362982850E00F5AC64 /* TextbookDetailViewController.swift */,
				BA64F92D2982753A00F5AC64 /* TextbookListTableViewController.swift */,
				BA64F93229827CA400F5AC64 /* TextbookListViewCell.swift */,
				BA64F93329827CA400F5AC64 /* TextbookListViewCell.xib */,
				BA64F9202982706A00F5AC64 /* Assets.xcassets */,
				BA64F9222982706A00F5AC64 /* LaunchScreen.storyboard */,
				BA64F9252982706A00F5AC64 /* Info.plist */,
			);
			path = "Textbook-iOS";
			sourceTree = "<group>";
		};
		BA64F92F298277FD00F5AC64 /* Model */ = {
			isa = PBXGroup;
			children = (
				BA64F9302982780900F5AC64 /* Textbook.swift */,
			);
			path = Model;
			sourceTree = "<group>";
		};
/* End PBXGroup section */

/* Begin PBXNativeTarget section */
		BA64F9132982706800F5AC64 /* Textbook-iOS */ = {
			isa = PBXNativeTarget;
			buildConfigurationList = BA64F9282982706A00F5AC64 /* Build configuration list for PBXNativeTarget "Textbook-iOS" */;
			buildPhases = (
				BA64F9102982706800F5AC64 /* Sources */,
				BA64F9112982706800F5AC64 /* Frameworks */,
				BA64F9122982706800F5AC64 /* Resources */,
			);
			buildRules = (
			);
			dependencies = (
			);
			name = "Textbook-iOS";
			productName = "Textbook-iOS";
			productReference = BA64F9142982706800F5AC64 /* Textbook-iOS.app */;
			productType = "com.apple.product-type.application";
		};
/* End PBXNativeTarget section */

/* Begin PBXProject section */
		BA64F90C2982706800F5AC64 /* Project object */ = {
			isa = PBXProject;
			attributes = {
				BuildIndependentTargetsInParallel = 1;
				LastSwiftUpdateCheck = 1340;
				LastUpgradeCheck = 1340;
				TargetAttributes = {
					BA64F9132982706800F5AC64 = {
						CreatedOnToolsVersion = 13.4.1;
					};
				};
			};
			buildConfigurationList = BA64F90F2982706800F5AC64 /* Build configuration list for PBXProject "Textbook-iOS" */;
			compatibilityVersion = "Xcode 13.0";
			developmentRegion = en;
			hasScannedForEncodings = 0;
			knownRegions = (
				en,
				Base,
			);
			mainGroup = BA64F90B2982706800F5AC64;
			productRefGroup = BA64F9152982706800F5AC64 /* Products */;
			projectDirPath = "";
			projectRoot = "";
			targets = (
				BA64F9132982706800F5AC64 /* Textbook-iOS */,
			);
		};
/* End PBXProject section */

/* Begin PBXResourcesBuildPhase section */
		BA64F9122982706800F5AC64 /* Resources */ = {
			isa = PBXResourcesBuildPhase;
			buildActionMask = 2147483647;
			files = (
				BA64F93529827CA400F5AC64 /* TextbookListViewCell.xib in Resources */,
				BA64F9242982706A00F5AC64 /* LaunchScreen.storyboard in Resources */,
				BA64F9212982706A00F5AC64 /* Assets.xcassets in Resources */,
				BA64F91F2982706800F5AC64 /* Main.storyboard in Resources */,
			);
			runOnlyForDeploymentPostprocessing = 0;
		};
/* End PBXResourcesBuildPhase section */

/* Begin PBXSourcesBuildPhase section */
		BA64F9102982706800F5AC64 /* Sources */ = {
			isa = PBXSourcesBuildPhase;
			buildActionMask = 2147483647;
			files = (
				BA64F91C2982706800F5AC64 /* ViewController.swift in Sources */,
				BA64F9182982706800F5AC64 /* AppDelegate.swift in Sources */,
				BA64F93429827CA400F5AC64 /* TextbookListViewCell.swift in Sources */,
				BA64F9312982780900F5AC64 /* Textbook.swift in Sources */,
				BA64F9372982850E00F5AC64 /* TextbookDetailViewController.swift in Sources */,
				BA64F91A2982706800F5AC64 /* SceneDelegate.swift in Sources */,
				BA64F92E2982753A00F5AC64 /* TextbookListTableViewController.swift in Sources */,
			);
			runOnlyForDeploymentPostprocessing = 0;
		};
/* End PBXSourcesBuildPhase section */

/* Begin PBXVariantGroup section */
		BA64F91D2982706800F5AC64 /* Main.storyboard */ = {
			isa = PBXVariantGroup;
			children = (
				BA64F91E2982706800F5AC64 /* Base */,
			);
			name = Main.storyboard;
			sourceTree = "<group>";
		};
		BA64F9222982706A00F5AC64 /* LaunchScreen.storyboard */ = {
			isa = PBXVariantGroup;
			children = (
				BA64F9232982706A00F5AC64 /* Base */,
			);
			name = LaunchScreen.storyboard;
			sourceTree = "<group>";
		};
/* End PBXVariantGroup section */

/* Begin XCBuildConfiguration section */
		BA64F9262982706A00F5AC64 /* Debug */ = {
			isa = XCBuildConfiguration;
			buildSettings = {
				ALWAYS_SEARCH_USER_PATHS = NO;
				CLANG_ANALYZER_NONNULL = YES;
				CLANG_ANALYZER_NUMBER_OBJECT_CONVERSION = YES_AGGRESSIVE;
				CLANG_CXX_LANGUAGE_STANDARD = "gnu++17";
				CLANG_ENABLE_MODULES = YES;
				CLANG_ENABLE_OBJC_ARC = YES;
				CLANG_ENABLE_OBJC_WEAK = YES;
				CLANG_WARN_BLOCK_CAPTURE_AUTORELEASING = YES;
				CLANG_WARN_BOOL_CONVERSION = YES;
				CLANG_WARN_COMMA = YES;
				CLANG_WARN_CONSTANT_CONVERSION = YES;
				CLANG_WARN_DEPRECATED_OBJC_IMPLEMENTATIONS = YES;
				CLANG_WARN_DIRECT_OBJC_ISA_USAGE = YES_ERROR;
				CLANG_WARN_DOCUMENTATION_COMMENTS = YES;
				CLANG_WARN_EMPTY_BODY = YES;
				CLANG_WARN_ENUM_CONVERSION = YES;
				CLANG_WARN_INFINITE_RECURSION = YES;
				CLANG_WARN_INT_CONVERSION = YES;
				CLANG_WARN_NON_LITERAL_NULL_CONVERSION = YES;
				CLANG_WARN_OBJC_IMPLICIT_RETAIN_SELF = YES;
				CLANG_WARN_OBJC_LITERAL_CONVERSION = YES;
				CLANG_WARN_OBJC_ROOT_CLASS = YES_ERROR;
				CLANG_WARN_QUOTED_INCLUDE_IN_FRAMEWORK_HEADER = YES;
				CLANG_WARN_RANGE_LOOP_ANALYSIS = YES;
				CLANG_WARN_STRICT_PROTOTYPES = YES;
				CLANG_WARN_SUSPICIOUS_MOVE = YES;
				CLANG_WARN_UNGUARDED_AVAILABILITY = YES_AGGRESSIVE;
				CLANG_WARN_UNREACHABLE_CODE = YES;
				CLANG_WARN__DUPLICATE_METHOD_MATCH = YES;
				COPY_PHASE_STRIP = NO;
				DEBUG_INFORMATION_FORMAT = dwarf;
				ENABLE_STRICT_OBJC_MSGSEND = YES;
				ENABLE_TESTABILITY = YES;
				GCC_C_LANGUAGE_STANDARD = gnu11;
				GCC_DYNAMIC_NO_PIC = NO;
				GCC_NO_COMMON_BLOCKS = YES;
				GCC_OPTIMIZATION_LEVEL = 0;
				GCC_PREPROCESSOR_DEFINITIONS = (
					"DEBUG=1",
					"$(inherited)",
				);
				GCC_WARN_64_TO_32_BIT_CONVERSION = YES;
				GCC_WARN_ABOUT_RETURN_TYPE = YES_ERROR;
				GCC_WARN_UNDECLARED_SELECTOR = YES;
				GCC_WARN_UNINITIALIZED_AUTOS = YES_AGGRESSIVE;
				GCC_WARN_UNUSED_FUNCTION = YES;
				GCC_WARN_UNUSED_VARIABLE = YES;
				IPHONEOS_DEPLOYMENT_TARGET = 15.5;
				MTL_ENABLE_DEBUG_INFO = INCLUDE_SOURCE;
				MTL_FAST_MATH = YES;
				ONLY_ACTIVE_ARCH = YES;
				SDKROOT = iphoneos;
				SWIFT_ACTIVE_COMPILATION_CONDITIONS = DEBUG;
				SWIFT_OPTIMIZATION_LEVEL = "-Onone";
			};
			name = Debug;
		};
		BA64F9272982706A00F5AC64 /* Release */ = {
			isa = XCBuildConfiguration;
			buildSettings = {
				ALWAYS_SEARCH_USER_PATHS = NO;
				CLANG_ANALYZER_NONNULL = YES;
				CLANG_ANALYZER_NUMBER_OBJECT_CONVERSION = YES_AGGRESSIVE;
				CLANG_CXX_LANGUAGE_STANDARD = "gnu++17";
				CLANG_ENABLE_MODULES = YES;
				CLANG_ENABLE_OBJC_ARC = YES;
				CLANG_ENABLE_OBJC_WEAK = YES;
				CLANG_WARN_BLOCK_CAPTURE_AUTORELEASING = YES;
				CLANG_WARN_BOOL_CONVERSION = YES;
				CLANG_WARN_COMMA = YES;
				CLANG_WARN_CONSTANT_CONVERSION = YES;
				CLANG_WARN_DEPRECATED_OBJC_IMPLEMENTATIONS = YES;
				CLANG_WARN_DIRECT_OBJC_ISA_USAGE = YES_ERROR;
				CLANG_WARN_DOCUMENTATION_COMMENTS = YES;
				CLANG_WARN_EMPTY_BODY = YES;
				CLANG_WARN_ENUM_CONVERSION = YES;
				CLANG_WARN_INFINITE_RECURSION = YES;
				CLANG_WARN_INT_CONVERSION = YES;
				CLANG_WARN_NON_LITERAL_NULL_CONVERSION = YES;
				CLANG_WARN_OBJC_IMPLICIT_RETAIN_SELF = YES;
				CLANG_WARN_OBJC_LITERAL_CONVERSION = YES;
				CLANG_WARN_OBJC_ROOT_CLASS = YES_ERROR;
				CLANG_WARN_QUOTED_INCLUDE_IN_FRAMEWORK_HEADER = YES;
				CLANG_WARN_RANGE_LOOP_ANALYSIS = YES;
				CLANG_WARN_STRICT_PROTOTYPES = YES;
				CLANG_WARN_SUSPICIOUS_MOVE = YES;
				CLANG_WARN_UNGUARDED_AVAILABILITY = YES_AGGRESSIVE;
				CLANG_WARN_UNREACHABLE_CODE = YES;
				CLANG_WARN__DUPLICATE_METHOD_MATCH = YES;
				COPY_PHASE_STRIP = NO;
				DEBUG_INFORMATION_FORMAT = "dwarf-with-dsym";
				ENABLE_NS_ASSERTIONS = NO;
				ENABLE_STRICT_OBJC_MSGSEND = YES;
				GCC_C_LANGUAGE_STANDARD = gnu11;
				GCC_NO_COMMON_BLOCKS = YES;
				GCC_WARN_64_TO_32_BIT_CONVERSION = YES;
				GCC_WARN_ABOUT_RETURN_TYPE = YES_ERROR;
				GCC_WARN_UNDECLARED_SELECTOR = YES;
				GCC_WARN_UNINITIALIZED_AUTOS = YES_AGGRESSIVE;
				GCC_WARN_UNUSED_FUNCTION = YES;
				GCC_WARN_UNUSED_VARIABLE = YES;
				IPHONEOS_DEPLOYMENT_TARGET = 15.5;
				MTL_ENABLE_DEBUG_INFO = NO;
				MTL_FAST_MATH = YES;
				SDKROOT = iphoneos;
				SWIFT_COMPILATION_MODE = wholemodule;
				SWIFT_OPTIMIZATION_LEVEL = "-O";
				VALIDATE_PRODUCT = YES;
			};
			name = Release;
		};
		BA64F9292982706A00F5AC64 /* Debug */ = {
			isa = XCBuildConfiguration;
			buildSettings = {
				ASSETCATALOG_COMPILER_APPICON_NAME = AppIcon;
				ASSETCATALOG_COMPILER_GLOBAL_ACCENT_COLOR_NAME = AccentColor;
				CODE_SIGN_STYLE = Automatic;
				CURRENT_PROJECT_VERSION = 1;
				GENERATE_INFOPLIST_FILE = YES;
				INFOPLIST_FILE = "Textbook-iOS/Info.plist";
				INFOPLIST_KEY_UIApplicationSupportsIndirectInputEvents = YES;
				INFOPLIST_KEY_UILaunchStoryboardName = LaunchScreen;
				INFOPLIST_KEY_UIMainStoryboardFile = Main;
				INFOPLIST_KEY_UISupportedInterfaceOrientations_iPad = "UIInterfaceOrientationPortrait UIInterfaceOrientationPortraitUpsideDown UIInterfaceOrientationLandscapeLeft UIInterfaceOrientationLandscapeRight";
				INFOPLIST_KEY_UISupportedInterfaceOrientations_iPhone = "UIInterfaceOrientationPortrait UIInterfaceOrientationLandscapeLeft UIInterfaceOrientationLandscapeRight";
				IPHONEOS_DEPLOYMENT_TARGET = 13.0;
				LD_RUNPATH_SEARCH_PATHS = (
					"$(inherited)",
					"@executable_path/Frameworks",
				);
				MARKETING_VERSION = 1.0;
				PRODUCT_BUNDLE_IDENTIFIER = "fdci.Textbook-iOS";
				PRODUCT_NAME = "$(TARGET_NAME)";
				SWIFT_EMIT_LOC_STRINGS = YES;
				SWIFT_VERSION = 5.0;
				TARGETED_DEVICE_FAMILY = "1,2";
			};
			name = Debug;
		};
		BA64F92A2982706A00F5AC64 /* Release */ = {
			isa = XCBuildConfiguration;
			buildSettings = {
				ASSETCATALOG_COMPILER_APPICON_NAME = AppIcon;
				ASSETCATALOG_COMPILER_GLOBAL_ACCENT_COLOR_NAME = AccentColor;
				CODE_SIGN_STYLE = Automatic;
				CURRENT_PROJECT_VERSION = 1;
				GENERATE_INFOPLIST_FILE = YES;
				INFOPLIST_FILE = "Textbook-iOS/Info.plist";
				INFOPLIST_KEY_UIApplicationSupportsIndirectInputEvents = YES;
				INFOPLIST_KEY_UILaunchStoryboardName = LaunchScreen;
				INFOPLIST_KEY_UIMainStoryboardFile = Main;
				INFOPLIST_KEY_UISupportedInterfaceOrientations_iPad = "UIInterfaceOrientationPortrait UIInterfaceOrientationPortraitUpsideDown UIInterfaceOrientationLandscapeLeft UIInterfaceOrientationLandscapeRight";
				INFOPLIST_KEY_UISupportedInterfaceOrientations_iPhone = "UIInterfaceOrientationPortrait UIInterfaceOrientationLandscapeLeft UIInterfaceOrientationLandscapeRight";
				IPHONEOS_DEPLOYMENT_TARGET = 13.0;
				LD_RUNPATH_SEARCH_PATHS = (
					"$(inherited)",
					"@executable_path/Frameworks",
				);
				MARKETING_VERSION = 1.0;
				PRODUCT_BUNDLE_IDENTIFIER = "fdci.Textbook-iOS";
				PRODUCT_NAME = "$(TARGET_NAME)";
				SWIFT_EMIT_LOC_STRINGS = YES;
				SWIFT_VERSION = 5.0;
				TARGETED_DEVICE_FAMILY = "1,2";
			};
			name = Release;
		};
/* End XCBuildConfiguration section */

/* Begin XCConfigurationList section */
		BA64F90F2982706800F5AC64 /* Build configuration list for PBXProject "Textbook-iOS" */ = {
			isa = XCConfigurationList;
			buildConfigurations = (
				BA64F9262982706A00F5AC64 /* Debug */,
				BA64F9272982706A00F5AC64 /* Release */,
			);
			defaultConfigurationIsVisible = 0;
			defaultConfigurationName = Release;
		};
		BA64F9282982706A00F5AC64 /* Build configuration list for PBXNativeTarget "Textbook-iOS" */ = {
			isa = XCConfigurationList;
			buildConfigurations = (
				BA64F9292982706A00F5AC64 /* Debug */,
				BA64F92A2982706A00F5AC64 /* Release */,
			);
			defaultConfigurationIsVisible = 0;
			defaultConfigurationName = Release;
		};
/* End XCConfigurationList section */
	};
	rootObject = BA64F90C2982706800F5AC64 /* Project object */;
}
